{
  "pins" : [
    {
      "identity" : "alamofire",
      "kind" : "remoteSourceControl",
      "location" : "https://github.com/Alamofire/Alamofire.git",
      "state" : {
        "revision" : "8dd85aee02e39dd280c75eef88ffdb86eed4b07b",
        "version" : "5.6.2"
      }
    },
    {
      "identity" : "plalert",
      "kind" : "remoteSourceControl",
      "location" : "https://github.com/baris-cakmak/PLAlert",
      "state" : {
        "branch" : "main",
        "revision" : "2920136ed5ca6a80987d0f564d231681f5d2b9b6"
      }
    },
    {
      "identity" : "starscream",
      "kind" : "remoteSourceControl",
      "location" : "https://github.com/daltoniam/Starscream.git",
      "state" : {
        "branch" : "master",
        "revision" : "c68359159dcf0b5de9b536b9a959e9e435e968d3"
      }
    }
  ],
  "version" : 2
}
